// !$*UTF8*$!
{
	archiveVersion = 1;
	classes = {
	};
	objectVersion = 50;
	objects = {

/* Begin PBXBuildFile section */
		2E136EB820D90262006DC600 /* AppDelegate.m in Sources */ = {isa = PBXBuildFile; fileRef = 2E136EB720D90262006DC600 /* AppDelegate.m */; };
		2E136EBB20D90262006DC600 /* ViewController.m in Sources */ = {isa = PBXBuildFile; fileRef = 2E136EBA20D90262006DC600 /* ViewController.m */; };
		2E136EBE20D90262006DC600 /* Main.storyboard in Resources */ = {isa = PBXBuildFile; fileRef = 2E136EBC20D90262006DC600 /* Main.storyboard */; };
		2E136EC020D90263006DC600 /* Assets.xcassets in Resources */ = {isa = PBXBuildFile; fileRef = 2E136EBF20D90263006DC600 /* Assets.xcassets */; };
		2E136EC320D90263006DC600 /* LaunchScreen.storyboard in Resources */ = {isa = PBXBuildFile; fileRef = 2E136EC120D90263006DC600 /* LaunchScreen.storyboard */; };
		2E136EC620D90263006DC600 /* main.m in Sources */ = {isa = PBXBuildFile; fileRef = 2E136EC520D90263006DC600 /* main.m */; };
		2E136ED020D90264006DC600 /* _4____Tests.m in Sources */ = {isa = PBXBuildFile; fileRef = 2E136ECF20D90264006DC600 /* _4____Tests.m */; };
		2E136EDB20D90264006DC600 /* _4____UITests.m in Sources */ = {isa = PBXBuildFile; fileRef = 2E136EDA20D90264006DC600 /* _4____UITests.m */; };
/* End PBXBuildFile section */

/* Begin PBXContainerItemProxy section */
		2E136ECC20D90264006DC600 /* PBXContainerItemProxy */ = {
			isa = PBXContainerItemProxy;
			containerPortal = 2E136EAB20D90262006DC600 /* Project object */;
			proxyType = 1;
			remoteGlobalIDString = 2E136EB220D90262006DC600;
			remoteInfo = "04-思考题";
		};
		2E136ED720D90264006DC600 /* PBXContainerItemProxy */ = {
			isa = PBXContainerItemProxy;
			containerPortal = 2E136EAB20D90262006DC600 /* Project object */;
			proxyType = 1;
			remoteGlobalIDString = 2E136EB220D90262006DC600;
			remoteInfo = "04-思考题";
		};
/* End PBXContainerItemProxy section */

/* Begin PBXFileReference section */
		2E136EB320D90262006DC600 /* 04-思考题.app */ = {isa = PBXFileReference; explicitFileType = wrapper.application; includeInIndex = 0; path = "04-思考题.app"; sourceTree = BUILT_PRODUCTS_DIR; };
		2E136EB620D90262006DC600 /* AppDelegate.h */ = {isa = PBXFileReference; lastKnownFileType = sourcecode.c.h; path = AppDelegate.h; sourceTree = "<group>"; };
		2E136EB720D90262006DC600 /* AppDelegate.m */ = {isa = PBXFileReference; lastKnownFileType = sourcecode.c.objc; path = AppDelegate.m; sourceTree = "<group>"; };
		2E136EB920D90262006DC600 /* ViewController.h */ = {isa = PBXFileReference; lastKnownFileType = sourcecode.c.h; path = ViewController.h; sourceTree = "<group>"; };
		2E136EBA20D90262006DC600 /* ViewController.m */ = {isa = PBXFileReference; lastKnownFileType = sourcecode.c.objc; path = ViewController.m; sourceTree = "<group>"; };
		2E136EBD20D90262006DC600 /* Base */ = {isa = PBXFileReference; lastKnownFileType = file.storyboard; name = Base; path = Base.lproj/Main.storyboard; sourceTree = "<group>"; };
		2E136EBF20D90263006DC600 /* Assets.xcassets */ = {isa = PBXFileReference; lastKnownFileType = folder.assetcatalog; path = Assets.xcassets; sourceTree = "<group>"; };
		2E136EC220D90263006DC600 /* Base */ = {isa = PBXFileReference; lastKnownFileType = file.storyboard; name = Base; path = Base.lproj/LaunchScreen.storyboard; sourceTree = "<group>"; };
		2E136EC420D90263006DC600 /* Info.plist */ = {isa = PBXFileReference; lastKnownFileType = text.plist.xml; path = Info.plist; sourceTree = "<group>"; };
		2E136EC520D90263006DC600 /* main.m */ = {isa = PBXFileReference; lastKnownFileType = sourcecode.c.objc; path = main.m; sourceTree = "<group>"; };
		2E136ECB20D90264006DC600 /* 04-思考题Tests.xctest */ = {isa = PBXFileReference; explicitFileType = wrapper.cfbundle; includeInIndex = 0; path = "04-思考题Tests.xctest"; sourceTree = BUILT_PRODUCTS_DIR; };
		2E136ECF20D90264006DC600 /* _4____Tests.m */ = {isa = PBXFileReference; lastKnownFileType = sourcecode.c.objc; path = "_4____Tests.m"; sourceTree = "<group>"; };
		2E136ED120D90264006DC600 /* Info.plist */ = {isa = PBXFileReference; lastKnownFileType = text.plist.xml; path = Info.plist; sourceTree = "<group>"; };
		2E136ED620D90264006DC600 /* 04-思考题UITests.xctest */ = {isa = PBXFileReference; explicitFileType = wrapper.cfbundle; includeInIndex = 0; path = "04-思考题UITests.xctest"; sourceTree = BUILT_PRODUCTS_DIR; };
		2E136EDA20D90264006DC600 /* _4____UITests.m */ = {isa = PBXFileReference; lastKnownFileType = sourcecode.c.objc; path = "_4____UITests.m"; sourceTree = "<group>"; };
		2E136EDC20D90264006DC600 /* Info.plist */ = {isa = PBXFileReference; lastKnownFileType = text.plist.xml; path = Info.plist; sourceTree = "<group>"; };
/* End PBXFileReference section */

/* Begin PBXFrameworksBuildPhase section */
		2E136EB020D90262006DC600 /* Frameworks */ = {
			isa = PBXFrameworksBuildPhase;
			buildActionMask = 2147483647;
			files = (
			);
			runOnlyForDeploymentPostprocessing = 0;
		};
		2E136EC820D90264006DC600 /* Frameworks */ = {
			isa = PBXFrameworksBuildPhase;
			buildActionMask = 2147483647;
			files = (
			);
			runOnlyForDeploymentPostprocessing = 0;
		};
		2E136ED320D90264006DC600 /* Frameworks */ = {
			isa = PBXFrameworksBuildPhase;
			buildActionMask = 2147483647;
			files = (
			);
			runOnlyForDeploymentPostprocessing = 0;
		};
/* End PBXFrameworksBuildPhase section */

/* Begin PBXGroup section */
		2E136EAA20D90262006DC600 = {
			isa = PBXGroup;
			children = (
				2E136EB520D90262006DC600 /* 04-思考题 */,
				2E136ECE20D90264006DC600 /* 04-思考题Tests */,
				2E136ED920D90264006DC600 /* 04-思考题UITests */,
				2E136EB420D90262006DC600 /* Products */,
			);
			sourceTree = "<group>";
		};
		2E136EB420D90262006DC600 /* Products */ = {
			isa = PBXGroup;
			children = (
				2E136EB320D90262006DC600 /* 04-思考题.app */,
				2E136ECB20D90264006DC600 /* 04-思考题Tests.xctest */,
				2E136ED620D90264006DC600 /* 04-思考题UITests.xctest */,
			);
			name = Products;
			sourceTree = "<group>";
		};
		2E136EB520D90262006DC600 /* 04-思考题 */ = {
			isa = PBXGroup;
			children = (
				2E136EB620D90262006DC600 /* AppDelegate.h */,
				2E136EB720D90262006DC600 /* AppDelegate.m */,
				2E136EB920D90262006DC600 /* ViewController.h */,
				2E136EBA20D90262006DC600 /* ViewController.m */,
				2E136EBC20D90262006DC600 /* Main.storyboard */,
				2E136EBF20D90263006DC600 /* Assets.xcassets */,
				2E136EC120D90263006DC600 /* LaunchScreen.storyboard */,
				2E136EC420D90263006DC600 /* Info.plist */,
				2E136EC520D90263006DC600 /* main.m */,
			);
			path = "04-思考题";
			sourceTree = "<group>";
		};
		2E136ECE20D90264006DC600 /* 04-思考题Tests */ = {
			isa = PBXGroup;
			children = (
				2E136ECF20D90264006DC600 /* _4____Tests.m */,
				2E136ED120D90264006DC600 /* Info.plist */,
			);
			path = "04-思考题Tests";
			sourceTree = "<group>";
		};
		2E136ED920D90264006DC600 /* 04-思考题UITests */ = {
			isa = PBXGroup;
			children = (
				2E136EDA20D90264006DC600 /* _4____UITests.m */,
				2E136EDC20D90264006DC600 /* Info.plist */,
			);
			path = "04-思考题UITests";
			sourceTree = "<group>";
		};
/* End PBXGroup section */

/* Begin PBXNativeTarget section */
		2E136EB220D90262006DC600 /* 04-思考题 */ = {
			isa = PBXNativeTarget;
			buildConfigurationList = 2E136EDF20D90264006DC600 /* Build configuration list for PBXNativeTarget "04-思考题" */;
			buildPhases = (
				2E136EAF20D90262006DC600 /* Sources */,
				2E136EB020D90262006DC600 /* Frameworks */,
				2E136EB120D90262006DC600 /* Resources */,
			);
			buildRules = (
			);
			dependencies = (
			);
			name = "04-思考题";
			productName = "04-思考题";
			productReference = 2E136EB320D90262006DC600 /* 04-思考题.app */;
			productType = "com.apple.product-type.application";
		};
		2E136ECA20D90264006DC600 /* 04-思考题Tests */ = {
			isa = PBXNativeTarget;
			buildConfigurationList = 2E136EE220D90264006DC600 /* Build configuration list for PBXNativeTarget "04-思考题Tests" */;
			buildPhases = (
				2E136EC720D90264006DC600 /* Sources */,
				2E136EC820D90264006DC600 /* Frameworks */,
				2E136EC920D90264006DC600 /* Resources */,
			);
			buildRules = (
			);
			dependencies = (
				2E136ECD20D90264006DC600 /* PBXTargetDependency */,
			);
			name = "04-思考题Tests";
			productName = "04-思考题Tests";
			productReference = 2E136ECB20D90264006DC600 /* 04-思考题Tests.xctest */;
			productType = "com.apple.product-type.bundle.unit-test";
		};
		2E136ED520D90264006DC600 /* 04-思考题UITests */ = {
			isa = PBXNativeTarget;
			buildConfigurationList = 2E136EE520D90264006DC600 /* Build configuration list for PBXNativeTarget "04-思考题UITests" */;
			buildPhases = (
				2E136ED220D90264006DC600 /* Sources */,
				2E136ED320D90264006DC600 /* Frameworks */,
				2E136ED420D90264006DC600 /* Resources */,
			);
			buildRules = (
			);
			dependencies = (
				2E136ED820D90264006DC600 /* PBXTargetDependency */,
			);
			name = "04-思考题UITests";
			productName = "04-思考题UITests";
			productReference = 2E136ED620D90264006DC600 /* 04-思考题UITests.xctest */;
			productType = "com.apple.product-type.bundle.ui-testing";
		};
/* End PBXNativeTarget section */

/* Begin PBXProject section */
		2E136EAB20D90262006DC600 /* Project object */ = {
			isa = PBXProject;
			attributes = {
				LastUpgradeCheck = 0940;
				ORGANIZATIONNAME = AllanCai;
				TargetAttributes = {
					2E136EB220D90262006DC600 = {
						CreatedOnToolsVersion = 9.4;
					};
					2E136ECA20D90264006DC600 = {
						CreatedOnToolsVersion = 9.4;
						TestTargetID = 2E136EB220D90262006DC600;
					};
					2E136ED520D90264006DC600 = {
						CreatedOnToolsVersion = 9.4;
						TestTargetID = 2E136EB220D90262006DC600;
					};
				};
			};
			buildConfigurationList = 2E136EAE20D90262006DC600 /* Build configuration list for PBXProject "04-思考题" */;
			compatibilityVersion = "Xcode 9.3";
			developmentRegion = en;
			hasScannedForEncodings = 0;
			knownRegions = (
				en,
				Base,
			);
			mainGroup = 2E136EAA20D90262006DC600;
			productRefGroup = 2E136EB420D90262006DC600 /* Products */;
			projectDirPath = "";
			projectRoot = "";
			targets = (
				2E136EB220D90262006DC600 /* 04-思考题 */,
				2E136ECA20D90264006DC600 /* 04-思考题Tests */,
				2E136ED520D90264006DC600 /* 04-思考题UITests */,
			);
		};
/* End PBXProject section */

/* Begin PBXResourcesBuildPhase section */
		2E136EB120D90262006DC600 /* Resources */ = {
			isa = PBXResourcesBuildPhase;
			buildActionMask = 2147483647;
			files = (
				2E136EC320D90263006DC600 /* LaunchScreen.storyboard in Resources */,
				2E136EC020D90263006DC600 /* Assets.xcassets in Resources */,
				2E136EBE20D90262006DC600 /* Main.storyboard in Resources */,
			);
			runOnlyForDeploymentPostprocessing = 0;
		};
		2E136EC920D90264006DC600 /* Resources */ = {
			isa = PBXResourcesBuildPhase;
			buildActionMask = 2147483647;
			files = (
			);
			runOnlyForDeploymentPostprocessing = 0;
		};
		2E136ED420D90264006DC600 /* Resources */ = {
			isa = PBXResourcesBuildPhase;
			buildActionMask = 2147483647;
			files = (
			);
			runOnlyForDeploymentPostprocessing = 0;
		};
/* End PBXResourcesBuildPhase section */

/* Begin PBXSourcesBuildPhase section */
		2E136EAF20D90262006DC600 /* Sources */ = {
			isa = PBXSourcesBuildPhase;
			buildActionMask = 2147483647;
			files = (
				2E136EBB20D90262006DC600 /* ViewController.m in Sources */,
				2E136EC620D90263006DC600 /* main.m in Sources */,
				2E136EB820D90262006DC600 /* AppDelegate.m in Sources */,
			);
			runOnlyForDeploymentPostprocessing = 0;
		};
		2E136EC720D90264006DC600 /* Sources */ = {
			isa = PBXSourcesBuildPhase;
			buildActionMask = 2147483647;
			files = (
				2E136ED020D90264006DC600 /* _4____Tests.m in Sources */,
			);
			runOnlyForDeploymentPostprocessing = 0;
		};
		2E136ED220D90264006DC600 /* Sources */ = {
			isa = PBXSourcesBuildPhase;
			buildActionMask = 2147483647;
			files = (
				2E136EDB20D90264006DC600 /* _4____UITests.m in Sources */,
			);
			runOnlyForDeploymentPostprocessing = 0;
		};
/* End PBXSourcesBuildPhase section */

/* Begin PBXTargetDependency section */
		2E136ECD20D90264006DC600 /* PBXTargetDependency */ = {
			isa = PBXTargetDependency;
			target = 2E136EB220D90262006DC600 /* 04-思考题 */;
			targetProxy = 2E136ECC20D90264006DC600 /* PBXContainerItemProxy */;
		};
		2E136ED820D90264006DC600 /* PBXTargetDependency */ = {
			isa = PBXTargetDependency;
			target = 2E136EB220D90262006DC600 /* 04-思考题 */;
			targetProxy = 2E136ED720D90264006DC600 /* PBXContainerItemProxy */;
		};
/* End PBXTargetDependency section */

/* Begin PBXVariantGroup section */
		2E136EBC20D90262006DC600 /* Main.storyboard */ = {
			isa = PBXVariantGroup;
			children = (
				2E136EBD20D90262006DC600 /* Base */,
			);
			name = Main.storyboard;
			sourceTree = "<group>";
		};
		2E136EC120D90263006DC600 /* LaunchScreen.storyboard */ = {
			isa = PBXVariantGroup;
			children = (
				2E136EC220D90263006DC600 /* Base */,
			);
			name = LaunchScreen.storyboard;
			sourceTree = "<group>";
		};
/* End PBXVariantGroup section */

/* Begin XCBuildConfiguration section */
		2E136EDD20D90264006DC600 /* Debug */ = {
			isa = XCBuildConfiguration;
			buildSettings = {
				ALWAYS_SEARCH_USER_PATHS = NO;
				CLANG_ANALYZER_NONNULL = YES;
				CLANG_ANALYZER_NUMBER_OBJECT_CONVERSION = YES_AGGRESSIVE;
				CLANG_CXX_LANGUAGE_STANDARD = "gnu++14";
				CLANG_CXX_LIBRARY = "libc++";
				CLANG_ENABLE_MODULES = YES;
				CLANG_ENABLE_OBJC_ARC = YES;
				CLANG_ENABLE_OBJC_WEAK = YES;
				CLANG_WARN_BLOCK_CAPTURE_AUTORELEASING = YES;
				CLANG_WARN_BOOL_CONVERSION = YES;
				CLANG_WARN_COMMA = YES;
				CLANG_WARN_CONSTANT_CONVERSION = YES;
				CLANG_WARN_DEPRECATED_OBJC_IMPLEMENTATIONS = YES;
				CLANG_WARN_DIRECT_OBJC_ISA_USAGE = YES_ERROR;
				CLANG_WARN_DOCUMENTATION_COMMENTS = YES;
				CLANG_WARN_EMPTY_BODY = YES;
				CLANG_WARN_ENUM_CONVERSION = YES;
				CLANG_WARN_INFINITE_RECURSION = YES;
				CLANG_WARN_INT_CONVERSION = YES;
				CLANG_WARN_NON_LITERAL_NULL_CONVERSION = YES;
				CLANG_WARN_OBJC_IMPLICIT_RETAIN_SELF = YES;
				CLANG_WARN_OBJC_LITERAL_CONVERSION = YES;
				CLANG_WARN_OBJC_ROOT_CLASS = YES_ERROR;
				CLANG_WARN_RANGE_LOOP_ANALYSIS = YES;
				CLANG_WARN_STRICT_PROTOTYPES = YES;
				CLANG_WARN_SUSPICIOUS_MOVE = YES;
				CLANG_WARN_UNGUARDED_AVAILABILITY = YES_AGGRESSIVE;
				CLANG_WARN_UNREACHABLE_CODE = YES;
				CLANG_WARN__DUPLICATE_METHOD_MATCH = YES;
				CODE_SIGN_IDENTITY = "iPhone Developer";
				COPY_PHASE_STRIP = NO;
				DEBUG_INFORMATION_FORMAT = dwarf;
				ENABLE_STRICT_OBJC_MSGSEND = YES;
				ENABLE_TESTABILITY = YES;
				GCC_C_LANGUAGE_STANDARD = gnu11;
				GCC_DYNAMIC_NO_PIC = NO;
				GCC_NO_COMMON_BLOCKS = YES;
				GCC_OPTIMIZATION_LEVEL = 0;
				GCC_PREPROCESSOR_DEFINITIONS = (
					"DEBUG=1",
					"$(inherited)",
				);
				GCC_WARN_64_TO_32_BIT_CONVERSION = YES;
				GCC_WARN_ABOUT_RETURN_TYPE = YES_ERROR;
				GCC_WARN_UNDECLARED_SELECTOR = YES;
				GCC_WARN_UNINITIALIZED_AUTOS = YES_AGGRESSIVE;
				GCC_WARN_UNUSED_FUNCTION = YES;
				GCC_WARN_UNUSED_VARIABLE = YES;
				IPHONEOS_DEPLOYMENT_TARGET = 11.4;
				MTL_ENABLE_DEBUG_INFO = YES;
				ONLY_ACTIVE_ARCH = YES;
				SDKROOT = iphoneos;
			};
			name = Debug;
		};
		2E136EDE20D90264006DC600 /* Release */ = {
			isa = XCBuildConfiguration;
			buildSettings = {
				ALWAYS_SEARCH_USER_PATHS = NO;
				CLANG_ANALYZER_NONNULL = YES;
				CLANG_ANALYZER_NUMBER_OBJECT_CONVERSION = YES_AGGRESSIVE;
				CLANG_CXX_LANGUAGE_STANDARD = "gnu++14";
				CLANG_CXX_LIBRARY = "libc++";
				CLANG_ENABLE_MODULES = YES;
				CLANG_ENABLE_OBJC_ARC = YES;
				CLANG_ENABLE_OBJC_WEAK = YES;
				CLANG_WARN_BLOCK_CAPTURE_AUTORELEASING = YES;
				CLANG_WARN_BOOL_CONVERSION = YES;
				CLANG_WARN_COMMA = YES;
				CLANG_WARN_CONSTANT_CONVERSION = YES;
				CLANG_WARN_DEPRECATED_OBJC_IMPLEMENTATIONS = YES;
				CLANG_WARN_DIRECT_OBJC_ISA_USAGE = YES_ERROR;
				CLANG_WARN_DOCUMENTATION_COMMENTS = YES;
				CLANG_WARN_EMPTY_BODY = YES;
				CLANG_WARN_ENUM_CONVERSION = YES;
				CLANG_WARN_INFINITE_RECURSION = YES;
				CLANG_WARN_INT_CONVERSION = YES;
				CLANG_WARN_NON_LITERAL_NULL_CONVERSION = YES;
				CLANG_WARN_OBJC_IMPLICIT_RETAIN_SELF = YES;
				CLANG_WARN_OBJC_LITERAL_CONVERSION = YES;
				CLANG_WARN_OBJC_ROOT_CLASS = YES_ERROR;
				CLANG_WARN_RANGE_LOOP_ANALYSIS = YES;
				CLANG_WARN_STRICT_PROTOTYPES = YES;
				CLANG_WARN_SUSPICIOUS_MOVE = YES;
				CLANG_WARN_UNGUARDED_AVAILABILITY = YES_AGGRESSIVE;
				CLANG_WARN_UNREACHABLE_CODE = YES;
				CLANG_WARN__DUPLICATE_METHOD_MATCH = YES;
				CODE_SIGN_IDENTITY = "iPhone Developer";
				COPY_PHASE_STRIP = NO;
				DEBUG_INFORMATION_FORMAT = "dwarf-with-dsym";
				ENABLE_NS_ASSERTIONS = NO;
				ENABLE_STRICT_OBJC_MSGSEND = YES;
				GCC_C_LANGUAGE_STANDARD = gnu11;
				GCC_NO_COMMON_BLOCKS = YES;
				GCC_WARN_64_TO_32_BIT_CONVERSION = YES;
				GCC_WARN_ABOUT_RETURN_TYPE = YES_ERROR;
				GCC_WARN_UNDECLARED_SELECTOR = YES;
				GCC_WARN_UNINITIALIZED_AUTOS = YES_AGGRESSIVE;
				GCC_WARN_UNUSED_FUNCTION = YES;
				GCC_WARN_UNUSED_VARIABLE = YES;
				IPHONEOS_DEPLOYMENT_TARGET = 11.4;
				MTL_ENABLE_DEBUG_INFO = NO;
				SDKROOT = iphoneos;
				VALIDATE_PRODUCT = YES;
			};
			name = Release;
		};
		2E136EE020D90264006DC600 /* Debug */ = {
			isa = XCBuildConfiguration;
			buildSettings = {
				ASSETCATALOG_COMPILER_APPICON_NAME = AppIcon;
				CODE_SIGN_STYLE = Automatic;
				INFOPLIST_FILE = "04-思考题/Info.plist";
				LD_RUNPATH_SEARCH_PATHS = (
					"$(inherited)",
					"@executable_path/Frameworks",
				);
				PRODUCT_BUNDLE_IDENTIFIER = "com.mljr.-4----";
				PRODUCT_NAME = "$(TARGET_NAME)";
				TARGETED_DEVICE_FAMILY = "1,2";
			};
			name = Debug;
		};
		2E136EE120D90264006DC600 /* Release */ = {
			isa = XCBuildConfiguration;
			buildSettings = {
				ASSETCATALOG_COMPILER_APPICON_NAME = AppIcon;
				CODE_SIGN_STYLE = Automatic;
				INFOPLIST_FILE = "04-思考题/Info.plist";
				LD_RUNPATH_SEARCH_PATHS = (
					"$(inherited)",
					"@executable_path/Frameworks",
				);
				PRODUCT_BUNDLE_IDENTIFIER = "com.mljr.-4----";
				PRODUCT_NAME = "$(TARGET_NAME)";
				TARGETED_DEVICE_FAMILY = "1,2";
			};
			name = Release;
		};
		2E136EE320D90264006DC600 /* Debug */ = {
			isa = XCBuildConfiguration;
			buildSettings = {
				BUNDLE_LOADER = "$(TEST_HOST)";
				CODE_SIGN_STYLE = Automatic;
				INFOPLIST_FILE = "04-思考题Tests/Info.plist";
				LD_RUNPATH_SEARCH_PATHS = (
					"$(inherited)",
					"@executable_path/Frameworks",
					"@loader_path/Frameworks",
				);
				PRODUCT_BUNDLE_IDENTIFIER = "com.mljr.-4----Tests";
				PRODUCT_NAME = "$(TARGET_NAME)";
				TARGETED_DEVICE_FAMILY = "1,2";
				TEST_HOST = "$(BUILT_PRODUCTS_DIR)/04-思考题.app/04-思考题";
			};
			name = Debug;
		};
		2E136EE420D90264006DC600 /* Release */ = {
			isa = XCBuildConfiguration;
			buildSettings = {
				BUNDLE_LOADER = "$(TEST_HOST)";
				CODE_SIGN_STYLE = Automatic;
				INFOPLIST_FILE = "04-思考题Tests/Info.plist";
				LD_RUNPATH_SEARCH_PATHS = (
					"$(inherited)",
					"@executable_path/Frameworks",
					"@loader_path/Frameworks",
				);
				PRODUCT_BUNDLE_IDENTIFIER = "com.mljr.-4----Tests";
				PRODUCT_NAME = "$(TARGET_NAME)";
				TARGETED_DEVICE_FAMILY = "1,2";
				TEST_HOST = "$(BUILT_PRODUCTS_DIR)/04-思考题.app/04-思考题";
			};
			name = Release;
		};
		2E136EE620D90264006DC600 /* Debug */ = {
			isa = XCBuildConfiguration;
			buildSettings = {
				CODE_SIGN_STYLE = Automatic;
				INFOPLIST_FILE = "04-思考题UITests/Info.plist";
				LD_RUNPATH_SEARCH_PATHS = (
					"$(inherited)",
					"@executable_path/Frameworks",
					"@loader_path/Frameworks",
				);
				PRODUCT_BUNDLE_IDENTIFIER = "com.mljr.-4----UITests";
				PRODUCT_NAME = "$(TARGET_NAME)";
				TARGETED_DEVICE_FAMILY = "1,2";
				TEST_TARGET_NAME = "04-思考题";
			};
			name = Debug;
		};
		2E136EE720D90264006DC600 /* Release */ = {
			isa = XCBuildConfiguration;
			buildSettings = {
				CODE_SIGN_STYLE = Automatic;
				INFOPLIST_FILE = "04-思考题UITests/Info.plist";
				LD_RUNPATH_SEARCH_PATHS = (
					"$(inherited)",
					"@executable_path/Frameworks",
					"@loader_path/Frameworks",
				);
				PRODUCT_BUNDLE_IDENTIFIER = "com.mljr.-4----UITests";
				PRODUCT_NAME = "$(TARGET_NAME)";
				TARGETED_DEVICE_FAMILY = "1,2";
				TEST_TARGET_NAME = "04-思考题";
			};
			name = Release;
		};
/* End XCBuildConfiguration section */

/* Begin XCConfigurationList section */
		2E136EAE20D90262006DC600 /* Build configuration list for PBXProject "04-思考题" */ = {
			isa = XCConfigurationList;
			buildConfigurations = (
				2E136EDD20D90264006DC600 /* Debug */,
				2E136EDE20D90264006DC600 /* Release */,
			);
			defaultConfigurationIsVisible = 0;
			defaultConfigurationName = Release;
		};
		2E136EDF20D90264006DC600 /* Build configuration list for PBXNativeTarget "04-思考题" */ = {
			isa = XCConfigurationList;
			buildConfigurations = (
				2E136EE020D90264006DC600 /* Debug */,
				2E136EE120D90264006DC600 /* Release */,
			);
			defaultConfigurationIsVisible = 0;
			defaultConfigurationName = Release;
		};
		2E136EE220D90264006DC600 /* Build configuration list for PBXNativeTarget "04-思考题Tests" */ = {
			isa = XCConfigurationList;
			buildConfigurations = (
				2E136EE320D90264006DC600 /* Debug */,
				2E136EE420D90264006DC600 /* Release */,
			);
			defaultConfigurationIsVisible = 0;
			defaultConfigurationName = Release;
		};
		2E136EE520D90264006DC600 /* Build configuration list for PBXNativeTarget "04-思考题UITests" */ = {
			isa = XCConfigurationList;
			buildConfigurations = (
				2E136EE620D90264006DC600 /* Debug */,
				2E136EE720D90264006DC600 /* Release */,
			);
			defaultConfigurationIsVisible = 0;
			defaultConfigurationName = Release;
		};
/* End XCConfigurationList section */
	};
	rootObject = 2E136EAB20D90262006DC600 /* Project object */;
}
