// !$*UTF8*$!
{
	archiveVersion = 1;
	classes = {
	};
	objectVersion = 48;
	objects = {

/* Begin PBXBuildFile section */
		2EE4483D206B8CC3005681FC /* AppDelegate.m in Sources */ = {isa = PBXBuildFile; fileRef = 2EE4483C206B8CC3005681FC /* AppDelegate.m */; };
		2EE4483F206B8CC3005681FC /* Assets.xcassets in Resources */ = {isa = PBXBuildFile; fileRef = 2EE4483E206B8CC3005681FC /* Assets.xcassets */; };
		2EE44842206B8CC3005681FC /* MainMenu.xib in Resources */ = {isa = PBXBuildFile; fileRef = 2EE44840206B8CC3005681FC /* MainMenu.xib */; };
		2EE44845206B8CC3005681FC /* main.m in Sources */ = {isa = PBXBuildFile; fileRef = 2EE44844206B8CC3005681FC /* main.m */; };
		2EE44850206B8CC3005681FC /* KVOStudyTests.m in Sources */ = {isa = PBXBuildFile; fileRef = 2EE4484F206B8CC3005681FC /* KVOStudyTests.m */; };
		2EE4485B206B8CC3005681FC /* KVOStudyUITests.m in Sources */ = {isa = PBXBuildFile; fileRef = 2EE4485A206B8CC3005681FC /* KVOStudyUITests.m */; };
/* End PBXBuildFile section */

/* Begin PBXContainerItemProxy section */
		2EE4484C206B8CC3005681FC /* PBXContainerItemProxy */ = {
			isa = PBXContainerItemProxy;
			containerPortal = 2EE44830206B8CC3005681FC /* Project object */;
			proxyType = 1;
			remoteGlobalIDString = 2EE44837206B8CC3005681FC;
			remoteInfo = KVOStudy;
		};
		2EE44857206B8CC3005681FC /* PBXContainerItemProxy */ = {
			isa = PBXContainerItemProxy;
			containerPortal = 2EE44830206B8CC3005681FC /* Project object */;
			proxyType = 1;
			remoteGlobalIDString = 2EE44837206B8CC3005681FC;
			remoteInfo = KVOStudy;
		};
/* End PBXContainerItemProxy section */

/* Begin PBXFileReference section */
		2EE44838206B8CC3005681FC /* KVOStudy.app */ = {isa = PBXFileReference; explicitFileType = wrapper.application; includeInIndex = 0; path = KVOStudy.app; sourceTree = BUILT_PRODUCTS_DIR; };
		2EE4483B206B8CC3005681FC /* AppDelegate.h */ = {isa = PBXFileReference; lastKnownFileType = sourcecode.c.h; path = AppDelegate.h; sourceTree = "<group>"; };
		2EE4483C206B8CC3005681FC /* AppDelegate.m */ = {isa = PBXFileReference; lastKnownFileType = sourcecode.c.objc; path = AppDelegate.m; sourceTree = "<group>"; };
		2EE4483E206B8CC3005681FC /* Assets.xcassets */ = {isa = PBXFileReference; lastKnownFileType = folder.assetcatalog; path = Assets.xcassets; sourceTree = "<group>"; };
		2EE44841206B8CC3005681FC /* Base */ = {isa = PBXFileReference; lastKnownFileType = file.xib; name = Base; path = Base.lproj/MainMenu.xib; sourceTree = "<group>"; };
		2EE44843206B8CC3005681FC /* Info.plist */ = {isa = PBXFileReference; lastKnownFileType = text.plist.xml; path = Info.plist; sourceTree = "<group>"; };
		2EE44844206B8CC3005681FC /* main.m */ = {isa = PBXFileReference; lastKnownFileType = sourcecode.c.objc; path = main.m; sourceTree = "<group>"; };
		2EE44846206B8CC3005681FC /* KVOStudy.entitlements */ = {isa = PBXFileReference; lastKnownFileType = text.plist.entitlements; path = KVOStudy.entitlements; sourceTree = "<group>"; };
		2EE4484B206B8CC3005681FC /* KVOStudyTests.xctest */ = {isa = PBXFileReference; explicitFileType = wrapper.cfbundle; includeInIndex = 0; path = KVOStudyTests.xctest; sourceTree = BUILT_PRODUCTS_DIR; };
		2EE4484F206B8CC3005681FC /* KVOStudyTests.m */ = {isa = PBXFileReference; lastKnownFileType = sourcecode.c.objc; path = KVOStudyTests.m; sourceTree = "<group>"; };
		2EE44851206B8CC3005681FC /* Info.plist */ = {isa = PBXFileReference; lastKnownFileType = text.plist.xml; path = Info.plist; sourceTree = "<group>"; };
		2EE44856206B8CC3005681FC /* KVOStudyUITests.xctest */ = {isa = PBXFileReference; explicitFileType = wrapper.cfbundle; includeInIndex = 0; path = KVOStudyUITests.xctest; sourceTree = BUILT_PRODUCTS_DIR; };
		2EE4485A206B8CC3005681FC /* KVOStudyUITests.m */ = {isa = PBXFileReference; lastKnownFileType = sourcecode.c.objc; path = KVOStudyUITests.m; sourceTree = "<group>"; };
		2EE4485C206B8CC3005681FC /* Info.plist */ = {isa = PBXFileReference; lastKnownFileType = text.plist.xml; path = Info.plist; sourceTree = "<group>"; };
/* End PBXFileReference section */

/* Begin PBXFrameworksBuildPhase section */
		2EE44835206B8CC3005681FC /* Frameworks */ = {
			isa = PBXFrameworksBuildPhase;
			buildActionMask = 2147483647;
			files = (
			);
			runOnlyForDeploymentPostprocessing = 0;
		};
		2EE44848206B8CC3005681FC /* Frameworks */ = {
			isa = PBXFrameworksBuildPhase;
			buildActionMask = 2147483647;
			files = (
			);
			runOnlyForDeploymentPostprocessing = 0;
		};
		2EE44853206B8CC3005681FC /* Frameworks */ = {
			isa = PBXFrameworksBuildPhase;
			buildActionMask = 2147483647;
			files = (
			);
			runOnlyForDeploymentPostprocessing = 0;
		};
/* End PBXFrameworksBuildPhase section */

/* Begin PBXGroup section */
		2EE4482F206B8CC3005681FC = {
			isa = PBXGroup;
			children = (
				2EE4483A206B8CC3005681FC /* KVOStudy */,
				2EE4484E206B8CC3005681FC /* KVOStudyTests */,
				2EE44859206B8CC3005681FC /* KVOStudyUITests */,
				2EE44839206B8CC3005681FC /* Products */,
			);
			sourceTree = "<group>";
		};
		2EE44839206B8CC3005681FC /* Products */ = {
			isa = PBXGroup;
			children = (
				2EE44838206B8CC3005681FC /* KVOStudy.app */,
				2EE4484B206B8CC3005681FC /* KVOStudyTests.xctest */,
				2EE44856206B8CC3005681FC /* KVOStudyUITests.xctest */,
			);
			name = Products;
			sourceTree = "<group>";
		};
		2EE4483A206B8CC3005681FC /* KVOStudy */ = {
			isa = PBXGroup;
			children = (
				2EE4483B206B8CC3005681FC /* AppDelegate.h */,
				2EE4483C206B8CC3005681FC /* AppDelegate.m */,
				2EE4483E206B8CC3005681FC /* Assets.xcassets */,
				2EE44840206B8CC3005681FC /* MainMenu.xib */,
				2EE44843206B8CC3005681FC /* Info.plist */,
				2EE44844206B8CC3005681FC /* main.m */,
				2EE44846206B8CC3005681FC /* KVOStudy.entitlements */,
			);
			path = KVOStudy;
			sourceTree = "<group>";
		};
		2EE4484E206B8CC3005681FC /* KVOStudyTests */ = {
			isa = PBXGroup;
			children = (
				2EE4484F206B8CC3005681FC /* KVOStudyTests.m */,
				2EE44851206B8CC3005681FC /* Info.plist */,
			);
			path = KVOStudyTests;
			sourceTree = "<group>";
		};
		2EE44859206B8CC3005681FC /* KVOStudyUITests */ = {
			isa = PBXGroup;
			children = (
				2EE4485A206B8CC3005681FC /* KVOStudyUITests.m */,
				2EE4485C206B8CC3005681FC /* Info.plist */,
			);
			path = KVOStudyUITests;
			sourceTree = "<group>";
		};
/* End PBXGroup section */

/* Begin PBXNativeTarget section */
		2EE44837206B8CC3005681FC /* KVOStudy */ = {
			isa = PBXNativeTarget;
			buildConfigurationList = 2EE4485F206B8CC3005681FC /* Build configuration list for PBXNativeTarget "KVOStudy" */;
			buildPhases = (
				2EE44834206B8CC3005681FC /* Sources */,
				2EE44835206B8CC3005681FC /* Frameworks */,
				2EE44836206B8CC3005681FC /* Resources */,
			);
			buildRules = (
			);
			dependencies = (
			);
			name = KVOStudy;
			productName = KVOStudy;
			productReference = 2EE44838206B8CC3005681FC /* KVOStudy.app */;
			productType = "com.apple.product-type.application";
		};
		2EE4484A206B8CC3005681FC /* KVOStudyTests */ = {
			isa = PBXNativeTarget;
			buildConfigurationList = 2EE44862206B8CC3005681FC /* Build configuration list for PBXNativeTarget "KVOStudyTests" */;
			buildPhases = (
				2EE44847206B8CC3005681FC /* Sources */,
				2EE44848206B8CC3005681FC /* Frameworks */,
				2EE44849206B8CC3005681FC /* Resources */,
			);
			buildRules = (
			);
			dependencies = (
				2EE4484D206B8CC3005681FC /* PBXTargetDependency */,
			);
			name = KVOStudyTests;
			productName = KVOStudyTests;
			productReference = 2EE4484B206B8CC3005681FC /* KVOStudyTests.xctest */;
			productType = "com.apple.product-type.bundle.unit-test";
		};
		2EE44855206B8CC3005681FC /* KVOStudyUITests */ = {
			isa = PBXNativeTarget;
			buildConfigurationList = 2EE44865206B8CC3005681FC /* Build configuration list for PBXNativeTarget "KVOStudyUITests" */;
			buildPhases = (
				2EE44852206B8CC3005681FC /* Sources */,
				2EE44853206B8CC3005681FC /* Frameworks */,
				2EE44854206B8CC3005681FC /* Resources */,
			);
			buildRules = (
			);
			dependencies = (
				2EE44858206B8CC3005681FC /* PBXTargetDependency */,
			);
			name = KVOStudyUITests;
			productName = KVOStudyUITests;
			productReference = 2EE44856206B8CC3005681FC /* KVOStudyUITests.xctest */;
			productType = "com.apple.product-type.bundle.ui-testing";
		};
/* End PBXNativeTarget section */

/* Begin PBXProject section */
		2EE44830206B8CC3005681FC /* Project object */ = {
			isa = PBXProject;
			attributes = {
				LastUpgradeCheck = 0920;
				ORGANIZATIONNAME = mljr;
				TargetAttributes = {
					2EE44837206B8CC3005681FC = {
						CreatedOnToolsVersion = 9.2;
						ProvisioningStyle = Automatic;
					};
					2EE4484A206B8CC3005681FC = {
						CreatedOnToolsVersion = 9.2;
						ProvisioningStyle = Automatic;
						TestTargetID = 2EE44837206B8CC3005681FC;
					};
					2EE44855206B8CC3005681FC = {
						CreatedOnToolsVersion = 9.2;
						ProvisioningStyle = Automatic;
						TestTargetID = 2EE44837206B8CC3005681FC;
					};
				};
			};
			buildConfigurationList = 2EE44833206B8CC3005681FC /* Build configuration list for PBXProject "KVOStudy" */;
			compatibilityVersion = "Xcode 8.0";
			developmentRegion = en;
			hasScannedForEncodings = 0;
			knownRegions = (
				en,
				Base,
			);
			mainGroup = 2EE4482F206B8CC3005681FC;
			productRefGroup = 2EE44839206B8CC3005681FC /* Products */;
			projectDirPath = "";
			projectRoot = "";
			targets = (
				2EE44837206B8CC3005681FC /* KVOStudy */,
				2EE4484A206B8CC3005681FC /* KVOStudyTests */,
				2EE44855206B8CC3005681FC /* KVOStudyUITests */,
			);
		};
/* End PBXProject section */

/* Begin PBXResourcesBuildPhase section */
		2EE44836206B8CC3005681FC /* Resources */ = {
			isa = PBXResourcesBuildPhase;
			buildActionMask = 2147483647;
			files = (
				2EE4483F206B8CC3005681FC /* Assets.xcassets in Resources */,
				2EE44842206B8CC3005681FC /* MainMenu.xib in Resources */,
			);
			runOnlyForDeploymentPostprocessing = 0;
		};
		2EE44849206B8CC3005681FC /* Resources */ = {
			isa = PBXResourcesBuildPhase;
			buildActionMask = 2147483647;
			files = (
			);
			runOnlyForDeploymentPostprocessing = 0;
		};
		2EE44854206B8CC3005681FC /* Resources */ = {
			isa = PBXResourcesBuildPhase;
			buildActionMask = 2147483647;
			files = (
			);
			runOnlyForDeploymentPostprocessing = 0;
		};
/* End PBXResourcesBuildPhase section */

/* Begin PBXSourcesBuildPhase section */
		2EE44834206B8CC3005681FC /* Sources */ = {
			isa = PBXSourcesBuildPhase;
			buildActionMask = 2147483647;
			files = (
				2EE44845206B8CC3005681FC /* main.m in Sources */,
				2EE4483D206B8CC3005681FC /* AppDelegate.m in Sources */,
			);
			runOnlyForDeploymentPostprocessing = 0;
		};
		2EE44847206B8CC3005681FC /* Sources */ = {
			isa = PBXSourcesBuildPhase;
			buildActionMask = 2147483647;
			files = (
				2EE44850206B8CC3005681FC /* KVOStudyTests.m in Sources */,
			);
			runOnlyForDeploymentPostprocessing = 0;
		};
		2EE44852206B8CC3005681FC /* Sources */ = {
			isa = PBXSourcesBuildPhase;
			buildActionMask = 2147483647;
			files = (
				2EE4485B206B8CC3005681FC /* KVOStudyUITests.m in Sources */,
			);
			runOnlyForDeploymentPostprocessing = 0;
		};
/* End PBXSourcesBuildPhase section */

/* Begin PBXTargetDependency section */
		2EE4484D206B8CC3005681FC /* PBXTargetDependency */ = {
			isa = PBXTargetDependency;
			target = 2EE44837206B8CC3005681FC /* KVOStudy */;
			targetProxy = 2EE4484C206B8CC3005681FC /* PBXContainerItemProxy */;
		};
		2EE44858206B8CC3005681FC /* PBXTargetDependency */ = {
			isa = PBXTargetDependency;
			target = 2EE44837206B8CC3005681FC /* KVOStudy */;
			targetProxy = 2EE44857206B8CC3005681FC /* PBXContainerItemProxy */;
		};
/* End PBXTargetDependency section */

/* Begin PBXVariantGroup section */
		2EE44840206B8CC3005681FC /* MainMenu.xib */ = {
			isa = PBXVariantGroup;
			children = (
				2EE44841206B8CC3005681FC /* Base */,
			);
			name = MainMenu.xib;
			sourceTree = "<group>";
		};
/* End PBXVariantGroup section */

/* Begin XCBuildConfiguration section */
		2EE4485D206B8CC3005681FC /* Debug */ = {
			isa = XCBuildConfiguration;
			buildSettings = {
				ALWAYS_SEARCH_USER_PATHS = NO;
				CLANG_ANALYZER_NONNULL = YES;
				CLANG_ANALYZER_NUMBER_OBJECT_CONVERSION = YES_AGGRESSIVE;
				CLANG_CXX_LANGUAGE_STANDARD = "gnu++14";
				CLANG_CXX_LIBRARY = "libc++";
				CLANG_ENABLE_MODULES = YES;
				CLANG_ENABLE_OBJC_ARC = YES;
				CLANG_WARN_BLOCK_CAPTURE_AUTORELEASING = YES;
				CLANG_WARN_BOOL_CONVERSION = YES;
				CLANG_WARN_COMMA = YES;
				CLANG_WARN_CONSTANT_CONVERSION = YES;
				CLANG_WARN_DIRECT_OBJC_ISA_USAGE = YES_ERROR;
				CLANG_WARN_DOCUMENTATION_COMMENTS = YES;
				CLANG_WARN_EMPTY_BODY = YES;
				CLANG_WARN_ENUM_CONVERSION = YES;
				CLANG_WARN_INFINITE_RECURSION = YES;
				CLANG_WARN_INT_CONVERSION = YES;
				CLANG_WARN_NON_LITERAL_NULL_CONVERSION = YES;
				CLANG_WARN_OBJC_LITERAL_CONVERSION = YES;
				CLANG_WARN_OBJC_ROOT_CLASS = YES_ERROR;
				CLANG_WARN_RANGE_LOOP_ANALYSIS = YES;
				CLANG_WARN_STRICT_PROTOTYPES = YES;
				CLANG_WARN_SUSPICIOUS_MOVE = YES;
				CLANG_WARN_UNGUARDED_AVAILABILITY = YES_AGGRESSIVE;
				CLANG_WARN_UNREACHABLE_CODE = YES;
				CLANG_WARN__DUPLICATE_METHOD_MATCH = YES;
				CODE_SIGN_IDENTITY = "-";
				COPY_PHASE_STRIP = NO;
				DEBUG_INFORMATION_FORMAT = dwarf;
				ENABLE_STRICT_OBJC_MSGSEND = YES;
				ENABLE_TESTABILITY = YES;
				GCC_C_LANGUAGE_STANDARD = gnu11;
				GCC_DYNAMIC_NO_PIC = NO;
				GCC_NO_COMMON_BLOCKS = YES;
				GCC_OPTIMIZATION_LEVEL = 0;
				GCC_PREPROCESSOR_DEFINITIONS = (
					"DEBUG=1",
					"$(inherited)",
				);
				GCC_WARN_64_TO_32_BIT_CONVERSION = YES;
				GCC_WARN_ABOUT_RETURN_TYPE = YES_ERROR;
				GCC_WARN_UNDECLARED_SELECTOR = YES;
				GCC_WARN_UNINITIALIZED_AUTOS = YES_AGGRESSIVE;
				GCC_WARN_UNUSED_FUNCTION = YES;
				GCC_WARN_UNUSED_VARIABLE = YES;
				MACOSX_DEPLOYMENT_TARGET = 10.12;
				MTL_ENABLE_DEBUG_INFO = YES;
				ONLY_ACTIVE_ARCH = YES;
				SDKROOT = macosx;
			};
			name = Debug;
		};
		2EE4485E206B8CC3005681FC /* Release */ = {
			isa = XCBuildConfiguration;
			buildSettings = {
				ALWAYS_SEARCH_USER_PATHS = NO;
				CLANG_ANALYZER_NONNULL = YES;
				CLANG_ANALYZER_NUMBER_OBJECT_CONVERSION = YES_AGGRESSIVE;
				CLANG_CXX_LANGUAGE_STANDARD = "gnu++14";
				CLANG_CXX_LIBRARY = "libc++";
				CLANG_ENABLE_MODULES = YES;
				CLANG_ENABLE_OBJC_ARC = YES;
				CLANG_WARN_BLOCK_CAPTURE_AUTORELEASING = YES;
				CLANG_WARN_BOOL_CONVERSION = YES;
				CLANG_WARN_COMMA = YES;
				CLANG_WARN_CONSTANT_CONVERSION = YES;
				CLANG_WARN_DIRECT_OBJC_ISA_USAGE = YES_ERROR;
				CLANG_WARN_DOCUMENTATION_COMMENTS = YES;
				CLANG_WARN_EMPTY_BODY = YES;
				CLANG_WARN_ENUM_CONVERSION = YES;
				CLANG_WARN_INFINITE_RECURSION = YES;
				CLANG_WARN_INT_CONVERSION = YES;
				CLANG_WARN_NON_LITERAL_NULL_CONVERSION = YES;
				CLANG_WARN_OBJC_LITERAL_CONVERSION = YES;
				CLANG_WARN_OBJC_ROOT_CLASS = YES_ERROR;
				CLANG_WARN_RANGE_LOOP_ANALYSIS = YES;
				CLANG_WARN_STRICT_PROTOTYPES = YES;
				CLANG_WARN_SUSPICIOUS_MOVE = YES;
				CLANG_WARN_UNGUARDED_AVAILABILITY = YES_AGGRESSIVE;
				CLANG_WARN_UNREACHABLE_CODE = YES;
				CLANG_WARN__DUPLICATE_METHOD_MATCH = YES;
				CODE_SIGN_IDENTITY = "-";
				COPY_PHASE_STRIP = NO;
				DEBUG_INFORMATION_FORMAT = "dwarf-with-dsym";
				ENABLE_NS_ASSERTIONS = NO;
				ENABLE_STRICT_OBJC_MSGSEND = YES;
				GCC_C_LANGUAGE_STANDARD = gnu11;
				GCC_NO_COMMON_BLOCKS = YES;
				GCC_WARN_64_TO_32_BIT_CONVERSION = YES;
				GCC_WARN_ABOUT_RETURN_TYPE = YES_ERROR;
				GCC_WARN_UNDECLARED_SELECTOR = YES;
				GCC_WARN_UNINITIALIZED_AUTOS = YES_AGGRESSIVE;
				GCC_WARN_UNUSED_FUNCTION = YES;
				GCC_WARN_UNUSED_VARIABLE = YES;
				MACOSX_DEPLOYMENT_TARGET = 10.12;
				MTL_ENABLE_DEBUG_INFO = NO;
				SDKROOT = macosx;
			};
			name = Release;
		};
		2EE44860206B8CC3005681FC /* Debug */ = {
			isa = XCBuildConfiguration;
			buildSettings = {
				ASSETCATALOG_COMPILER_APPICON_NAME = AppIcon;
				CODE_SIGN_ENTITLEMENTS = KVOStudy/KVOStudy.entitlements;
				CODE_SIGN_STYLE = Automatic;
				COMBINE_HIDPI_IMAGES = YES;
				INFOPLIST_FILE = KVOStudy/Info.plist;
				LD_RUNPATH_SEARCH_PATHS = "$(inherited) @executable_path/../Frameworks";
				PRODUCT_BUNDLE_IDENTIFIER = com.mljr.KVOStudy;
				PRODUCT_NAME = "$(TARGET_NAME)";
			};
			name = Debug;
		};
		2EE44861206B8CC3005681FC /* Release */ = {
			isa = XCBuildConfiguration;
			buildSettings = {
				ASSETCATALOG_COMPILER_APPICON_NAME = AppIcon;
				CODE_SIGN_ENTITLEMENTS = KVOStudy/KVOStudy.entitlements;
				CODE_SIGN_STYLE = Automatic;
				COMBINE_HIDPI_IMAGES = YES;
				INFOPLIST_FILE = KVOStudy/Info.plist;
				LD_RUNPATH_SEARCH_PATHS = "$(inherited) @executable_path/../Frameworks";
				PRODUCT_BUNDLE_IDENTIFIER = com.mljr.KVOStudy;
				PRODUCT_NAME = "$(TARGET_NAME)";
			};
			name = Release;
		};
		2EE44863206B8CC3005681FC /* Debug */ = {
			isa = XCBuildConfiguration;
			buildSettings = {
				BUNDLE_LOADER = "$(TEST_HOST)";
				CODE_SIGN_STYLE = Automatic;
				COMBINE_HIDPI_IMAGES = YES;
				INFOPLIST_FILE = KVOStudyTests/Info.plist;
				LD_RUNPATH_SEARCH_PATHS = "$(inherited) @executable_path/../Frameworks @loader_path/../Frameworks";
				PRODUCT_BUNDLE_IDENTIFIER = com.mljr.KVOStudyTests;
				PRODUCT_NAME = "$(TARGET_NAME)";
				TEST_HOST = "$(BUILT_PRODUCTS_DIR)/KVOStudy.app/Contents/MacOS/KVOStudy";
			};
			name = Debug;
		};
		2EE44864206B8CC3005681FC /* Release */ = {
			isa = XCBuildConfiguration;
			buildSettings = {
				BUNDLE_LOADER = "$(TEST_HOST)";
				CODE_SIGN_STYLE = Automatic;
				COMBINE_HIDPI_IMAGES = YES;
				INFOPLIST_FILE = KVOStudyTests/Info.plist;
				LD_RUNPATH_SEARCH_PATHS = "$(inherited) @executable_path/../Frameworks @loader_path/../Frameworks";
				PRODUCT_BUNDLE_IDENTIFIER = com.mljr.KVOStudyTests;
				PRODUCT_NAME = "$(TARGET_NAME)";
				TEST_HOST = "$(BUILT_PRODUCTS_DIR)/KVOStudy.app/Contents/MacOS/KVOStudy";
			};
			name = Release;
		};
		2EE44866206B8CC3005681FC /* Debug */ = {
			isa = XCBuildConfiguration;
			buildSettings = {
				CODE_SIGN_STYLE = Automatic;
				COMBINE_HIDPI_IMAGES = YES;
				INFOPLIST_FILE = KVOStudyUITests/Info.plist;
				LD_RUNPATH_SEARCH_PATHS = "$(inherited) @executable_path/../Frameworks @loader_path/../Frameworks";
				PRODUCT_BUNDLE_IDENTIFIER = com.mljr.KVOStudyUITests;
				PRODUCT_NAME = "$(TARGET_NAME)";
				TEST_TARGET_NAME = KVOStudy;
			};
			name = Debug;
		};
		2EE44867206B8CC3005681FC /* Release */ = {
			isa = XCBuildConfiguration;
			buildSettings = {
				CODE_SIGN_STYLE = Automatic;
				COMBINE_HIDPI_IMAGES = YES;
				INFOPLIST_FILE = KVOStudyUITests/Info.plist;
				LD_RUNPATH_SEARCH_PATHS = "$(inherited) @executable_path/../Frameworks @loader_path/../Frameworks";
				PRODUCT_BUNDLE_IDENTIFIER = com.mljr.KVOStudyUITests;
				PRODUCT_NAME = "$(TARGET_NAME)";
				TEST_TARGET_NAME = KVOStudy;
			};
			name = Release;
		};
/* End XCBuildConfiguration section */

/* Begin XCConfigurationList section */
		2EE44833206B8CC3005681FC /* Build configuration list for PBXProject "KVOStudy" */ = {
			isa = XCConfigurationList;
			buildConfigurations = (
				2EE4485D206B8CC3005681FC /* Debug */,
				2EE4485E206B8CC3005681FC /* Release */,
			);
			defaultConfigurationIsVisible = 0;
			defaultConfigurationName = Release;
		};
		2EE4485F206B8CC3005681FC /* Build configuration list for PBXNativeTarget "KVOStudy" */ = {
			isa = XCConfigurationList;
			buildConfigurations = (
				2EE44860206B8CC3005681FC /* Debug */,
				2EE44861206B8CC3005681FC /* Release */,
			);
			defaultConfigurationIsVisible = 0;
			defaultConfigurationName = Release;
		};
		2EE44862206B8CC3005681FC /* Build configuration list for PBXNativeTarget "KVOStudyTests" */ = {
			isa = XCConfigurationList;
			buildConfigurations = (
				2EE44863206B8CC3005681FC /* Debug */,
				2EE44864206B8CC3005681FC /* Release */,
			);
			defaultConfigurationIsVisible = 0;
			defaultConfigurationName = Release;
		};
		2EE44865206B8CC3005681FC /* Build configuration list for PBXNativeTarget "KVOStudyUITests" */ = {
			isa = XCConfigurationList;
			buildConfigurations = (
				2EE44866206B8CC3005681FC /* Debug */,
				2EE44867206B8CC3005681FC /* Release */,
			);
			defaultConfigurationIsVisible = 0;
			defaultConfigurationName = Release;
		};
/* End XCConfigurationList section */
	};
	rootObject = 2EE44830206B8CC3005681FC /* Project object */;
}
